
Microsoft Visual Studio Solution File, Format Version 12.00
# Visual Studio Version 16
VisualStudioVersion = 16.0.30907.101
MinimumVisualStudioVersion = 10.0.40219.1
Project("{FAE04EC0-301F-11D3-BF4B-00C04F79EFBC}") = "Puthids", "Puthids\Puthids.csproj", "{D1D1C062-ECA2-448B-9D9A-A46EADF737BE}"
EndProject
Global
	GlobalSection(SolutionConfigurationPlatforms) = preSolution
		Debug|Any CPU = Debug|Any CPU
		Release|Any CPU = Release|Any CPU
	EndGlobalSection
	GlobalSection(ProjectConfigurationPlatforms) = postSolution
		{D1D1C062-ECA2-448B-9D9A-A46EADF737BE}.Debug|Any CPU.ActiveCfg = Debug|Any CPU
		{D1D1C062-ECA2-448B-9D9A-A46EADF737BE}.Debug|Any CPU.Build.0 = Debug|Any CPU
		{D1D1C062-ECA2-448B-9D9A-A46EADF737BE}.Release|Any CPU.ActiveCfg = Release|Any CPU
		{D1D1C062-ECA2-448B-9D9A-A46EADF737BE}.Release|Any CPU.Build.0 = Release|Any CPU
	EndGlobalSection
	GlobalSection(SolutionProperties) = preSolution
		HideSolutionNode = FALSE
	EndGlobalSection
	GlobalSection(ExtensibilityGlobals) = postSolution
		SolutionGuid = {34624D3D-6DFA-48A7-9706-DF4E43735A5C}
	EndGlobalSection
EndGlobal
